{
    "version": 3,
    "terraform_version": "0.11.10",
    "serial": 4,
    "lineage": "20db789a-5c88-8677-a467-4df7b3dcc183",
    "modules": [
        {
            "path": [
                "root"
            ],
            "outputs": {
                "resource_group_location": {
                    "sensitive": false,
                    "type": "string",
                    "value": "westeurope"
                },
                "resource_group_name": {
                    "sensitive": false,
                    "type": "string",
                    "value": "fs-resourcegroup"
                }
            },
            "resources": {
                "azurerm_virtual_network.vnet-main": {
                    "type": "azurerm_virtual_network",
                    "depends_on": [
                        "data.azurerm_resource_group.fs-resourcegroup"
                    ],
                    "primary": {
                        "id": "/subscriptions/13b24a64-e37d-4738-8f65-7bdd1be541ed/resourceGroups/fs-resourcegroup/providers/Microsoft.Network/virtualNetworks/fs-network",
                        "attributes": {
                            "address_space.#": "1",
                            "address_space.0": "10.0.0.0/16",
                            "dns_servers.#": "2",
                            "dns_servers.0": "10.0.0.4",
                            "dns_servers.1": "10.0.0.5",
                            "id": "/subscriptions/13b24a64-e37d-4738-8f65-7bdd1be541ed/resourceGroups/fs-resourcegroup/providers/Microsoft.Network/virtualNetworks/fs-network",
                            "location": "westeurope",
                            "name": "fs-network",
                            "resource_group_name": "fs-resourcegroup",
                            "subnet.#": "0",
                            "tags.%": "0"
                        },
                        "meta": {},
                        "tainted": false
                    },
                    "deposed": [],
                    "provider": "provider.azurerm"
                },
                "data.azurerm_resource_group.fs-resourcegroup": {
                    "type": "azurerm_resource_group",
                    "depends_on": [],
                    "primary": {
                        "id": "/subscriptions/13b24a64-e37d-4738-8f65-7bdd1be541ed/resourceGroups/fs-resourcegroup",
                        "attributes": {
                            "id": "/subscriptions/13b24a64-e37d-4738-8f65-7bdd1be541ed/resourceGroups/fs-resourcegroup",
                            "location": "westeurope",
                            "name": "fs-resourcegroup",
                            "tags.%": "1",
                            "tags.environment": "Production"
                        },
                        "meta": {},
                        "tainted": false
                    },
                    "deposed": [],
                    "provider": "provider.azurerm"
                }
            },
            "depends_on": []
        }
    ]
}
