{
    "version": 3,
    "terraform_version": "0.11.10",
    "serial": 3,
    "lineage": "a9197553-561f-68fe-7db8-d988419ef687",
    "modules": [
        {
            "path": [
                "root"
            ],
            "outputs": {
                "network_interface_id": {
                    "sensitive": false,
                    "type": "string",
                    "value": "/subscriptions/13b24a64-e37d-4738-8f65-7bdd1be541ed/resourceGroups/fs-resourcegroup/providers/Microsoft.Network/networkInterfaces/fs-nic_main"
                },
                "resource_group_location": {
                    "sensitive": false,
                    "type": "string",
                    "value": "westeurope"
                },
                "resource_group_name": {
                    "sensitive": false,
                    "type": "string",
                    "value": "fs-resourcegroup"
                }
            },
            "resources": {
                "azurerm_virtual_machine.main_vm": {
                    "type": "azurerm_virtual_machine",
                    "depends_on": [
                        "data.azurerm_network_interface.nw_interface_main",
                        "data.azurerm_resource_group.fs-resourcegroup"
                    ],
                    "primary": {
                        "id": "/subscriptions/13b24a64-e37d-4738-8f65-7bdd1be541ed/resourceGroups/fs-resourcegroup/providers/Microsoft.Compute/virtualMachines/fs-vm",
                        "attributes": {
                            "delete_data_disks_on_termination": "true",
                            "delete_os_disk_on_termination": "true",
                            "id": "/subscriptions/13b24a64-e37d-4738-8f65-7bdd1be541ed/resourceGroups/fs-resourcegroup/providers/Microsoft.Compute/virtualMachines/fs-vm",
                            "identity.#": "0",
                            "location": "westeurope",
                            "name": "fs-vm",
                            "network_interface_ids.#": "1",
                            "network_interface_ids.0": "/subscriptions/13b24a64-e37d-4738-8f65-7bdd1be541ed/resourceGroups/fs-resourcegroup/providers/Microsoft.Network/networkInterfaces/fs-nic_main",
                            "os_profile.#": "1",
                            "os_profile.4178069849.admin_password": "",
                            "os_profile.4178069849.admin_username": "mayanksrivastava",
                            "os_profile.4178069849.computer_name": "fs-vm",
                            "os_profile.4178069849.custom_data": "",
                            "os_profile_linux_config.#": "1",
                            "os_profile_linux_config.2972667452.disable_password_authentication": "false",
                            "os_profile_linux_config.2972667452.ssh_keys.#": "0",
                            "os_profile_secrets.#": "0",
                            "resource_group_name": "fs-resourcegroup",
                            "storage_data_disk.#": "0",
                            "storage_image_reference.#": "1",
                            "storage_image_reference.1458860473.id": "",
                            "storage_image_reference.1458860473.offer": "UbuntuServer",
                            "storage_image_reference.1458860473.publisher": "Canonical",
                            "storage_image_reference.1458860473.sku": "16.04-LTS",
                            "storage_image_reference.1458860473.version": "latest",
                            "storage_os_disk.#": "1",
                            "storage_os_disk.0.caching": "ReadWrite",
                            "storage_os_disk.0.create_option": "FromImage",
                            "storage_os_disk.0.disk_size_gb": "30",
                            "storage_os_disk.0.image_uri": "",
                            "storage_os_disk.0.managed_disk_id": "/subscriptions/13b24a64-e37d-4738-8f65-7bdd1be541ed/resourceGroups/fs-resourcegroup/providers/Microsoft.Compute/disks/myosdisk1",
                            "storage_os_disk.0.managed_disk_type": "Standard_LRS",
                            "storage_os_disk.0.name": "myosdisk1",
                            "storage_os_disk.0.os_type": "Linux",
                            "storage_os_disk.0.vhd_uri": "",
                            "storage_os_disk.0.write_accelerator_enabled": "false",
                            "tags.%": "1",
                            "tags.environment": "staging",
                            "vm_size": "Standard_B1s",
                            "zones.#": "0"
                        },
                        "meta": {},
                        "tainted": false
                    },
                    "deposed": [],
                    "provider": "provider.azurerm"
                },
                "data.azurerm_network_interface.nw_interface_main": {
                    "type": "azurerm_network_interface",
                    "depends_on": [],
                    "primary": {
                        "id": "/subscriptions/13b24a64-e37d-4738-8f65-7bdd1be541ed/resourceGroups/fs-resourcegroup/providers/Microsoft.Network/networkInterfaces/fs-nic_main",
                        "attributes": {
                            "applied_dns_servers.#": "0",
                            "dns_servers.#": "0",
                            "enable_accelerated_networking": "false",
                            "enable_ip_forwarding": "false",
                            "id": "/subscriptions/13b24a64-e37d-4738-8f65-7bdd1be541ed/resourceGroups/fs-resourcegroup/providers/Microsoft.Network/networkInterfaces/fs-nic_main",
                            "internal_dns_name_label": "",
                            "internal_fqdn": "",
                            "location": "westeurope",
                            "mac_address": "",
                            "name": "fs-nic_main",
                            "network_security_group_id": "",
                            "private_ip_address": "10.0.2.4",
                            "private_ip_addresses.#": "1",
                            "private_ip_addresses.0": "10.0.2.4",
                            "resource_group_name": "fs-resourcegroup",
                            "tags.%": "0",
                            "virtual_machine_id": ""
                        },
                        "meta": {},
                        "tainted": false
                    },
                    "deposed": [],
                    "provider": "provider.azurerm"
                },
                "data.azurerm_resource_group.fs-resourcegroup": {
                    "type": "azurerm_resource_group",
                    "depends_on": [],
                    "primary": {
                        "id": "/subscriptions/13b24a64-e37d-4738-8f65-7bdd1be541ed/resourceGroups/fs-resourcegroup",
                        "attributes": {
                            "id": "/subscriptions/13b24a64-e37d-4738-8f65-7bdd1be541ed/resourceGroups/fs-resourcegroup",
                            "location": "westeurope",
                            "name": "fs-resourcegroup",
                            "tags.%": "1",
                            "tags.environment": "Production"
                        },
                        "meta": {},
                        "tainted": false
                    },
                    "deposed": [],
                    "provider": "provider.azurerm"
                }
            },
            "depends_on": []
        }
    ]
}
