{
    "version": 3,
    "terraform_version": "0.11.10",
    "serial": 2,
    "lineage": "ff79696b-f084-984f-442b-3a2170233bf0",
    "modules": [
        {
            "path": [
                "root"
            ],
            "outputs": {},
            "resources": {
                "azurerm_network_security_group.fs_nw_security_grp": {
                    "type": "azurerm_network_security_group",
                    "depends_on": [
                        "azurerm_resource_group.rg_main"
                    ],
                    "primary": {
                        "id": "/subscriptions/13b24a64-e37d-4738-8f65-7bdd1be541ed/resourceGroups/fs-resourcegroup/providers/Microsoft.Network/networkSecurityGroups/fs_nw_security_grp",
                        "attributes": {
                            "id": "/subscriptions/13b24a64-e37d-4738-8f65-7bdd1be541ed/resourceGroups/fs-resourcegroup/providers/Microsoft.Network/networkSecurityGroups/fs_nw_security_grp",
                            "location": "westeurope",
                            "name": "fs_nw_security_grp",
                            "resource_group_name": "fs-resourcegroup",
                            "security_rule.#": "1",
                            "security_rule.2033009926.access": "Allow",
                            "security_rule.2033009926.description": "",
                            "security_rule.2033009926.destination_address_prefix": "*",
                            "security_rule.2033009926.destination_address_prefixes.#": "0",
                            "security_rule.2033009926.destination_application_security_group_ids.#": "0",
                            "security_rule.2033009926.destination_port_range": "22",
                            "security_rule.2033009926.destination_port_ranges.#": "0",
                            "security_rule.2033009926.direction": "Inbound",
                            "security_rule.2033009926.name": "ssh",
                            "security_rule.2033009926.priority": "100",
                            "security_rule.2033009926.protocol": "*",
                            "security_rule.2033009926.source_address_prefix": "*",
                            "security_rule.2033009926.source_address_prefixes.#": "0",
                            "security_rule.2033009926.source_application_security_group_ids.#": "0",
                            "security_rule.2033009926.source_port_range": "*",
                            "security_rule.2033009926.source_port_ranges.#": "0",
                            "tags.%": "1",
                            "tags.environment": "Production"
                        },
                        "meta": {},
                        "tainted": false
                    },
                    "deposed": [],
                    "provider": "provider.azurerm"
                },
                "azurerm_resource_group.rg_main": {
                    "type": "azurerm_resource_group",
                    "depends_on": [],
                    "primary": {
                        "id": "/subscriptions/13b24a64-e37d-4738-8f65-7bdd1be541ed/resourceGroups/fs-resourcegroup",
                        "attributes": {
                            "id": "/subscriptions/13b24a64-e37d-4738-8f65-7bdd1be541ed/resourceGroups/fs-resourcegroup",
                            "location": "westeurope",
                            "name": "fs-resourcegroup",
                            "tags.%": "1",
                            "tags.environment": "Production"
                        },
                        "meta": {},
                        "tainted": false
                    },
                    "deposed": [],
                    "provider": "provider.azurerm"
                }
            },
            "depends_on": []
        }
    ]
}
