{
    "version": 3,
    "terraform_version": "0.11.10",
    "serial": 9,
    "lineage": "141f2f56-76cb-e7a1-674d-12a8390dc3eb",
    "modules": [
        {
            "path": [
                "root"
            ],
            "outputs": {
                "resource_group_location": {
                    "sensitive": false,
                    "type": "string",
                    "value": "westeurope"
                },
                "resource_group_name": {
                    "sensitive": false,
                    "type": "string",
                    "value": "fs-resourcegroup"
                }
            },
            "resources": {
                "azurerm_storage_account.fs_storage_account": {
                    "type": "azurerm_storage_account",
                    "depends_on": [
                        "data.azurerm_resource_group.fs-resourcegroup"
                    ],
                    "primary": {
                        "id": "/subscriptions/13b24a64-e37d-4738-8f65-7bdd1be541ed/resourceGroups/fs-resourcegroup/providers/Microsoft.Storage/storageAccounts/factorsense",
                        "attributes": {
                            "access_tier": "",
                            "account_encryption_source": "Microsoft.Storage",
                            "account_kind": "Storage",
                            "account_replication_type": "LRS",
                            "account_tier": "Standard",
                            "account_type": "Standard_LRS",
                            "enable_blob_encryption": "true",
                            "enable_file_encryption": "true",
                            "enable_https_traffic_only": "false",
                            "id": "/subscriptions/13b24a64-e37d-4738-8f65-7bdd1be541ed/resourceGroups/fs-resourcegroup/providers/Microsoft.Storage/storageAccounts/factorsense",
                            "identity.#": "0",
                            "location": "westus",
                            "name": "factorsense",
                            "network_rules.#": "0",
                            "primary_access_key": "pTeTrIDeITf1DGkloCIYqmiQFaB0jPBEEcigBp/nA1NUexAWcg6NvjEq71NmO/2ZrlwxLXCBWgDyrFb9ea0IUA==",
                            "primary_blob_connection_string": "DefaultEndpointsProtocol=https;BlobEndpoint=https://factorsense.blob.core.windows.net/;AccountName=factorsense;AccountKey=pTeTrIDeITf1DGkloCIYqmiQFaB0jPBEEcigBp/nA1NUexAWcg6NvjEq71NmO/2ZrlwxLXCBWgDyrFb9ea0IUA==",
                            "primary_blob_endpoint": "https://factorsense.blob.core.windows.net/",
                            "primary_connection_string": "DefaultEndpointsProtocol=https;AccountName=factorsense;AccountKey=pTeTrIDeITf1DGkloCIYqmiQFaB0jPBEEcigBp/nA1NUexAWcg6NvjEq71NmO/2ZrlwxLXCBWgDyrFb9ea0IUA==;EndpointSuffix=core.windows.net",
                            "primary_file_endpoint": "https://factorsense.file.core.windows.net/",
                            "primary_location": "westus",
                            "primary_queue_endpoint": "https://factorsense.queue.core.windows.net/",
                            "primary_table_endpoint": "https://factorsense.table.core.windows.net/",
                            "resource_group_name": "fs-resourcegroup",
                            "secondary_access_key": "SUEpNLNZm2dWHlTsbI3HY5rP7rwQgLr4H3Jz1N68YxOXwjD0Z8LURPyITLqmNwmJqVYH8IqwDtv4ow5kzSL+Qw==",
                            "secondary_connection_string": "DefaultEndpointsProtocol=https;AccountName=factorsense;AccountKey=SUEpNLNZm2dWHlTsbI3HY5rP7rwQgLr4H3Jz1N68YxOXwjD0Z8LURPyITLqmNwmJqVYH8IqwDtv4ow5kzSL+Qw==;EndpointSuffix=core.windows.net",
                            "secondary_location": "",
                            "tags.%": "0"
                        },
                        "meta": {
                            "schema_version": "2"
                        },
                        "tainted": false
                    },
                    "deposed": [],
                    "provider": "provider.azurerm"
                },
                "azurerm_storage_blob.fssb": {
                    "type": "azurerm_storage_blob",
                    "depends_on": [
                        "azurerm_storage_account.fs_storage_account",
                        "azurerm_storage_container.fs_storage_container",
                        "data.azurerm_resource_group.fs-resourcegroup"
                    ],
                    "primary": {
                        "id": "https://factorsense.blob.core.windows.net/fsstor/fs.vhd",
                        "attributes": {
                            "attempts": "1",
                            "content_type": "application/octet-stream",
                            "id": "https://factorsense.blob.core.windows.net/fsstor/fs.vhd",
                            "name": "fs.vhd",
                            "parallelism": "8",
                            "resource_group_name": "fs-resourcegroup",
                            "size": "5120",
                            "source_uri": "",
                            "storage_account_name": "factorsense",
                            "storage_container_name": "fsstor",
                            "type": "page",
                            "url": "https://factorsense.blob.core.windows.net/fsstor/fs.vhd"
                        },
                        "meta": {
                            "schema_version": "1"
                        },
                        "tainted": false
                    },
                    "deposed": [],
                    "provider": "provider.azurerm"
                },
                "azurerm_storage_container.fs_storage_container": {
                    "type": "azurerm_storage_container",
                    "depends_on": [
                        "azurerm_storage_account.fs_storage_account",
                        "data.azurerm_resource_group.fs-resourcegroup"
                    ],
                    "primary": {
                        "id": "https://factorsense.blob.core.windows.net/fsstor",
                        "attributes": {
                            "container_access_type": "private",
                            "id": "https://factorsense.blob.core.windows.net/fsstor",
                            "name": "fsstor",
                            "properties.%": "4",
                            "properties.last_modified": "Wed, 12 Dec 2018 21:26:53 GMT",
                            "properties.lease_duration": "",
                            "properties.lease_state": "available",
                            "properties.lease_status": "unlocked",
                            "resource_group_name": "fs-resourcegroup",
                            "storage_account_name": "factorsense"
                        },
                        "meta": {
                            "schema_version": "1"
                        },
                        "tainted": false
                    },
                    "deposed": [],
                    "provider": "provider.azurerm"
                },
                "data.azurerm_resource_group.fs-resourcegroup": {
                    "type": "azurerm_resource_group",
                    "depends_on": [],
                    "primary": {
                        "id": "/subscriptions/13b24a64-e37d-4738-8f65-7bdd1be541ed/resourceGroups/fs-resourcegroup",
                        "attributes": {
                            "id": "/subscriptions/13b24a64-e37d-4738-8f65-7bdd1be541ed/resourceGroups/fs-resourcegroup",
                            "location": "westeurope",
                            "name": "fs-resourcegroup",
                            "tags.%": "1",
                            "tags.environment": "Production"
                        },
                        "meta": {},
                        "tainted": false
                    },
                    "deposed": [],
                    "provider": "provider.azurerm"
                }
            },
            "depends_on": []
        }
    ]
}
