{
    "version": 3,
    "terraform_version": "0.11.10",
    "serial": 3,
    "lineage": "141f2f56-76cb-e7a1-674d-12a8390dc3eb",
    "modules": [
        {
            "path": [
                "root"
            ],
            "outputs": {
                "resource_group_location": {
                    "sensitive": false,
                    "type": "string",
                    "value": "westeurope"
                },
                "resource_group_name": {
                    "sensitive": false,
                    "type": "string",
                    "value": "fs-resourcegroup"
                }
            },
            "resources": {
                "azurerm_storage_account.fs_storage_account": {
                    "type": "azurerm_storage_account",
                    "depends_on": [
                        "data.azurerm_resource_group.fs-resourcegroup"
                    ],
                    "primary": {
                        "id": "/subscriptions/13b24a64-e37d-4738-8f65-7bdd1be541ed/resourceGroups/fs-resourcegroup/providers/Microsoft.Storage/storageAccounts/factorsense",
                        "attributes": {
                            "access_tier": "",
                            "account_encryption_source": "Microsoft.Storage",
                            "account_kind": "Storage",
                            "account_replication_type": "LRS",
                            "account_tier": "Standard",
                            "account_type": "Standard_LRS",
                            "enable_blob_encryption": "true",
                            "enable_file_encryption": "true",
                            "enable_https_traffic_only": "false",
                            "id": "/subscriptions/13b24a64-e37d-4738-8f65-7bdd1be541ed/resourceGroups/fs-resourcegroup/providers/Microsoft.Storage/storageAccounts/factorsense",
                            "identity.#": "0",
                            "location": "westus",
                            "name": "factorsense",
                            "network_rules.#": "0",
                            "primary_access_key": "p29pJMTHKbtBNgyqj2RiVuu9yTp2oNCQnLzlZ+Pg6UHX9CRlq97/zZOIzm1s+GUZdxYvDjKLf2ygH1vPYtfzNQ==",
                            "primary_blob_connection_string": "DefaultEndpointsProtocol=https;BlobEndpoint=https://factorsense.blob.core.windows.net/;AccountName=factorsense;AccountKey=p29pJMTHKbtBNgyqj2RiVuu9yTp2oNCQnLzlZ+Pg6UHX9CRlq97/zZOIzm1s+GUZdxYvDjKLf2ygH1vPYtfzNQ==",
                            "primary_blob_endpoint": "https://factorsense.blob.core.windows.net/",
                            "primary_connection_string": "DefaultEndpointsProtocol=https;AccountName=factorsense;AccountKey=p29pJMTHKbtBNgyqj2RiVuu9yTp2oNCQnLzlZ+Pg6UHX9CRlq97/zZOIzm1s+GUZdxYvDjKLf2ygH1vPYtfzNQ==;EndpointSuffix=core.windows.net",
                            "primary_file_endpoint": "https://factorsense.file.core.windows.net/",
                            "primary_location": "westus",
                            "primary_queue_endpoint": "https://factorsense.queue.core.windows.net/",
                            "primary_table_endpoint": "https://factorsense.table.core.windows.net/",
                            "resource_group_name": "fs-resourcegroup",
                            "secondary_access_key": "7RLAR5FnLX68/Temmf5qnvzBrz0HcZplb0mfqwBoAlvvayBRWDM2jcB/4m0/tNrq/yu9YQ/nDBHKzT7c87obqw==",
                            "secondary_connection_string": "DefaultEndpointsProtocol=https;AccountName=factorsense;AccountKey=7RLAR5FnLX68/Temmf5qnvzBrz0HcZplb0mfqwBoAlvvayBRWDM2jcB/4m0/tNrq/yu9YQ/nDBHKzT7c87obqw==;EndpointSuffix=core.windows.net",
                            "secondary_location": "",
                            "tags.%": "0"
                        },
                        "meta": {
                            "schema_version": "2"
                        },
                        "tainted": false
                    },
                    "deposed": [],
                    "provider": "provider.azurerm"
                },
                "data.azurerm_resource_group.fs-resourcegroup": {
                    "type": "azurerm_resource_group",
                    "depends_on": [],
                    "primary": {
                        "id": "/subscriptions/13b24a64-e37d-4738-8f65-7bdd1be541ed/resourceGroups/fs-resourcegroup",
                        "attributes": {
                            "id": "/subscriptions/13b24a64-e37d-4738-8f65-7bdd1be541ed/resourceGroups/fs-resourcegroup",
                            "location": "westeurope",
                            "name": "fs-resourcegroup",
                            "tags.%": "1",
                            "tags.environment": "Production"
                        },
                        "meta": {},
                        "tainted": false
                    },
                    "deposed": [],
                    "provider": "provider.azurerm"
                }
            },
            "depends_on": []
        }
    ]
}
